<?xml version="1.0" encoding="utf-8"?>
<Project ToolsVersion="4.0" xmlns="http://schemas.microsoft.com/developer/msbuild/2003">
  <ItemGroup>
    <Filter Include="Source Files">
      <UniqueIdentifier>{4FC737F1-C7A5-4376-A066-2A32D752A2FF}</UniqueIdentifier>
      <Extensions>cpp;c;cc;cxx;c++;cppm;ixx;def;odl;idl;hpj;bat;asm;asmx</Extensions>
    </Filter>
    <Filter Include="Header Files">
      <UniqueIdentifier>{93995380-89BD-4b04-88EB-625FBE52EBFB}</UniqueIdentifier>
      <Extensions>h;hh;hpp;hxx;h++;hm;inl;inc;ipp;xsd</Extensions>
    </Filter>
    <Filter Include="Resource Files">
      <UniqueIdentifier>{67DA6AB6-F800-4c08-8B7A-83BB121AAD01}</UniqueIdentifier>
      <Extensions>rc;ico;cur;bmp;dlg;rc2;rct;bin;rgs;gif;jpg;jpeg;jpe;resx;tiff;tif;png;wav;mfcribbon-ms</Extensions>
    </Filter>
  </ItemGroup>
  <ItemGroup>
    <Image Include="..\x64\Debug\brick.bmp">
      <Filter>Resource Files</Filter>
    </Image>
    <Image Include="..\x64\Debug\metal.bmp">
      <Filter>Resource Files</Filter>
    </Image>
    <Image Include="ice.bmp">
      <Filter>Resource Files</Filter>
    </Image>
    <Image Include="Box.bmp">
      <Filter>Resource Files</Filter>
    </Image>
    <Image Include="brown_fabric.bmp">
      <Filter>Resource Files</Filter>
    </Image>
    <Image Include="cloth_fabric.bmp">
      <Filter>Resource Files</Filter>
    </Image>
    <Image Include="roof_tile.bmp">
      <Filter>Resource Files</Filter>
    </Image>
    <Image Include="shiny_black.bmp">
      <Filter>Resource Files</Filter>
    </Image>
    <Image Include="shiny_metal.bmp">
      <Filter>Resource Files</Filter>
    </Image>
    <Image Include="metal_layered.bmp">
      <Filter>Resource Files</Filter>
    </Image>
    <Image Include="wood.bmp">
      <Filter>Resource Files</Filter>
    </Image>
    <Image Include="gold.bmp">
      <Filter>Resource Files</Filter>
    </Image>
    <Image Include="red_sky.bmp">
      <Filter>Resource Files</Filter>
    </Image>
    <Image Include="sky.bmp">
      <Filter>Resource Files</Filter>
    </Image>
    <Image Include="storm.bmp">
      <Filter>Resource Files</Filter>
    </Image>
    <Image Include="grass.bmp">
      <Filter>Resource Files</Filter>
    </Image>
  </ItemGroup>
  <ItemGroup>
    <ClCompile Include="assignment.cpp">
      <Filter>Source Files</Filter>
    </ClCompile>
  </ItemGroup>
</Project>